
Microsoft Visual Studio Solution File, Format Version 12.00
# Visual Studio Version 17
VisualStudioVersion = 17.13.35913.81
MinimumVisualStudioVersion = 10.0.40219.1
Project("{FAE04EC0-301F-11D3-BF4B-00C04F79EFBC}") = "laba1", "laba1\laba1.csproj", "{F077A0E2-0F5C-44B8-8D00-8769FE09A3CE}"
EndProject
Project("{FAE04EC0-301F-11D3-BF4B-00C04F79EFBC}") = "laba2", "laba2\laba2.csproj", "{4DB92DF9-8F38-4C8B-84BD-AC0A44AFF1E5}"
EndProject
Project("{FAE04EC0-301F-11D3-BF4B-00C04F79EFBC}") = "WorkThree", "WorkThree\WorkThree.csproj", "{6B76AC4B-A288-4B9E-89B1-6D918B00D0C7}"
EndProject
Global
	GlobalSection(SolutionConfigurationPlatforms) = preSolution
		Debug|Any CPU = Debug|Any CPU
		Release|Any CPU = Release|Any CPU
	EndGlobalSection
	GlobalSection(ProjectConfigurationPlatforms) = postSolution
		{F077A0E2-0F5C-44B8-8D00-8769FE09A3CE}.Debug|Any CPU.ActiveCfg = Debug|Any CPU
		{F077A0E2-0F5C-44B8-8D00-8769FE09A3CE}.Debug|Any CPU.Build.0 = Debug|Any CPU
		{F077A0E2-0F5C-44B8-8D00-8769FE09A3CE}.Release|Any CPU.ActiveCfg = Release|Any CPU
		{F077A0E2-0F5C-44B8-8D00-8769FE09A3CE}.Release|Any CPU.Build.0 = Release|Any CPU
		{4DB92DF9-8F38-4C8B-84BD-AC0A44AFF1E5}.Debug|Any CPU.ActiveCfg = Debug|Any CPU
		{4DB92DF9-8F38-4C8B-84BD-AC0A44AFF1E5}.Debug|Any CPU.Build.0 = Debug|Any CPU
		{4DB92DF9-8F38-4C8B-84BD-AC0A44AFF1E5}.Release|Any CPU.ActiveCfg = Release|Any CPU
		{4DB92DF9-8F38-4C8B-84BD-AC0A44AFF1E5}.Release|Any CPU.Build.0 = Release|Any CPU
		{6B76AC4B-A288-4B9E-89B1-6D918B00D0C7}.Debug|Any CPU.ActiveCfg = Debug|Any CPU
		{6B76AC4B-A288-4B9E-89B1-6D918B00D0C7}.Debug|Any CPU.Build.0 = Debug|Any CPU
		{6B76AC4B-A288-4B9E-89B1-6D918B00D0C7}.Release|Any CPU.ActiveCfg = Release|Any CPU
		{6B76AC4B-A288-4B9E-89B1-6D918B00D0C7}.Release|Any CPU.Build.0 = Release|Any CPU
	EndGlobalSection
	GlobalSection(SolutionProperties) = preSolution
		HideSolutionNode = FALSE
	EndGlobalSection
	GlobalSection(ExtensibilityGlobals) = postSolution
		SolutionGuid = {C1ED7CAC-0475-435A-BA9A-8A6E03663A31}
	EndGlobalSection
EndGlobal
